
Microsoft Visual Studio Solution File, Format Version 12.00
# Visual Studio Version 17
VisualStudioVersion = 17.9.34728.123
MinimumVisualStudioVersion = 10.0.40219.1
Project("{FAE04EC0-301F-11D3-BF4B-00C04F79EFBC}") = "AuthorizationDemo", "AuthorizationDemo\AuthorizationDemo.csproj", "{F8EBF6E7-AE94-4E7C-AA0D-5223D981668C}"
EndProject
Global
	GlobalSection(SolutionConfigurationPlatforms) = preSolution
		Debug|Any CPU = Debug|Any CPU
		Release|Any CPU = Release|Any CPU
	EndGlobalSection
	GlobalSection(ProjectConfigurationPlatforms) = postSolution
		{F8EBF6E7-AE94-4E7C-AA0D-5223D981668C}.Debug|Any CPU.ActiveCfg = Debug|Any CPU
		{F8EBF6E7-AE94-4E7C-AA0D-5223D981668C}.Debug|Any CPU.Build.0 = Debug|Any CPU
		{F8EBF6E7-AE94-4E7C-AA0D-5223D981668C}.Release|Any CPU.ActiveCfg = Release|Any CPU
		{F8EBF6E7-AE94-4E7C-AA0D-5223D981668C}.Release|Any CPU.Build.0 = Release|Any CPU
	EndGlobalSection
	GlobalSection(SolutionProperties) = preSolution
		HideSolutionNode = FALSE
	EndGlobalSection
	GlobalSection(ExtensibilityGlobals) = postSolution
		SolutionGuid = {513F9004-C11F-4AFA-A257-948EF672EAA8}
	EndGlobalSection
EndGlobal
